
Microsoft Visual Studio Solution File, Format Version 12.00
# Visual Studio Version 17
VisualStudioVersion = 17.7.34202.233
MinimumVisualStudioVersion = 10.0.40219.1
Project("{FAE04EC0-301F-11D3-BF4B-00C04F79EFBC}") = "ProductReview - Project", "ProductReview - Project.csproj", "{A34EF28E-88AD-4549-BFD5-64507FE13F66}"
EndProject
Global
	GlobalSection(SolutionConfigurationPlatforms) = preSolution
		Debug|Any CPU = Debug|Any CPU
		Release|Any CPU = Release|Any CPU
	EndGlobalSection
	GlobalSection(ProjectConfigurationPlatforms) = postSolution
		{A34EF28E-88AD-4549-BFD5-64507FE13F66}.Debug|Any CPU.ActiveCfg = Debug|Any CPU
		{A34EF28E-88AD-4549-BFD5-64507FE13F66}.Debug|Any CPU.Build.0 = Debug|Any CPU
		{A34EF28E-88AD-4549-BFD5-64507FE13F66}.Release|Any CPU.ActiveCfg = Release|Any CPU
		{A34EF28E-88AD-4549-BFD5-64507FE13F66}.Release|Any CPU.Build.0 = Release|Any CPU
	EndGlobalSection
	GlobalSection(SolutionProperties) = preSolution
		HideSolutionNode = FALSE
	EndGlobalSection
	GlobalSection(ExtensibilityGlobals) = postSolution
		SolutionGuid = {EF2DA75A-20FC-4BD5-A793-9A4AB9CA97D0}
	EndGlobalSection
EndGlobal
